
Microsoft Visual Studio Solution File, Format Version 12.00
# Visual Studio Version 16
VisualStudioVersion = 16.0.31702.278
MinimumVisualStudioVersion = 10.0.40219.1
Project("{FAE04EC0-301F-11D3-BF4B-00C04F79EFBC}") = "universe", "universe.csproj", "{B531C451-6663-4347-A36D-90AF70F6DB29}"
EndProject
Global
	GlobalSection(SolutionConfigurationPlatforms) = preSolution
		Debug|Any CPU = Debug|Any CPU
		Release|Any CPU = Release|Any CPU
	EndGlobalSection
	GlobalSection(ProjectConfigurationPlatforms) = postSolution
		{B531C451-6663-4347-A36D-90AF70F6DB29}.Debug|Any CPU.ActiveCfg = Debug|Any CPU
		{B531C451-6663-4347-A36D-90AF70F6DB29}.Debug|Any CPU.Build.0 = Debug|Any CPU
		{B531C451-6663-4347-A36D-90AF70F6DB29}.Release|Any CPU.ActiveCfg = Release|Any CPU
		{B531C451-6663-4347-A36D-90AF70F6DB29}.Release|Any CPU.Build.0 = Release|Any CPU
	EndGlobalSection
	GlobalSection(SolutionProperties) = preSolution
		HideSolutionNode = FALSE
	EndGlobalSection
	GlobalSection(ExtensibilityGlobals) = postSolution
		SolutionGuid = {1DF9855C-D1A1-4FC9-BA7C-D18AE6EB1322}
	EndGlobalSection
EndGlobal
